
Microsoft Visual Studio Solution File, Format Version 12.00
# Visual Studio Version 16
VisualStudioVersion = 16.0.30320.27
MinimumVisualStudioVersion = 10.0.40219.1
Project("{9A19103F-16F7-4668-BE54-9A1E7A4F7556}") = "QuantityMeasurement", "QuantityMeasurement\QuantityMeasurement.csproj", "{E00C111A-9D3A-45FC-8583-FCEEB08036B8}"
EndProject
Project("{9A19103F-16F7-4668-BE54-9A1E7A4F7556}") = "QuantityMeasurementTest", "QuantityMeasurementTest\QuantityMeasurementTest.csproj", "{14D70D4F-3AFB-430A-8DAA-0EA1A44CA48C}"
EndProject
Project("{2150E333-8FDC-42A3-9474-1A3956D46DE8}") = "Solution Items", "Solution Items", "{E8DE8D09-B5BA-425B-8A4A-9AD696BA3EAF}"
	ProjectSection(SolutionItems) = preProject
		.editorconfig = .editorconfig
	EndProjectSection
EndProject
Global
	GlobalSection(SolutionConfigurationPlatforms) = preSolution
		Debug|Any CPU = Debug|Any CPU
		Release|Any CPU = Release|Any CPU
	EndGlobalSection
	GlobalSection(ProjectConfigurationPlatforms) = postSolution
		{E00C111A-9D3A-45FC-8583-FCEEB08036B8}.Debug|Any CPU.ActiveCfg = Debug|Any CPU
		{E00C111A-9D3A-45FC-8583-FCEEB08036B8}.Debug|Any CPU.Build.0 = Debug|Any CPU
		{E00C111A-9D3A-45FC-8583-FCEEB08036B8}.Release|Any CPU.ActiveCfg = Release|Any CPU
		{E00C111A-9D3A-45FC-8583-FCEEB08036B8}.Release|Any CPU.Build.0 = Release|Any CPU
		{14D70D4F-3AFB-430A-8DAA-0EA1A44CA48C}.Debug|Any CPU.ActiveCfg = Debug|Any CPU
		{14D70D4F-3AFB-430A-8DAA-0EA1A44CA48C}.Debug|Any CPU.Build.0 = Debug|Any CPU
		{14D70D4F-3AFB-430A-8DAA-0EA1A44CA48C}.Release|Any CPU.ActiveCfg = Release|Any CPU
		{14D70D4F-3AFB-430A-8DAA-0EA1A44CA48C}.Release|Any CPU.Build.0 = Release|Any CPU
	EndGlobalSection
	GlobalSection(SolutionProperties) = preSolution
		HideSolutionNode = FALSE
	EndGlobalSection
	GlobalSection(ExtensibilityGlobals) = postSolution
		SolutionGuid = {5D66BEE5-7032-44C7-9A8E-7DD9A4D1229D}
	EndGlobalSection
EndGlobal
